
Microsoft Visual Studio Solution File, Format Version 12.00
# Visual Studio Version 16
VisualStudioVersion = 16.0.29324.140
MinimumVisualStudioVersion = 10.0.40219.1
Project("{9A19103F-16F7-4668-BE54-9A1E7A4F7556}") = "AudioVisualizer", "Audio Visualizer\AudioVisualizer.csproj", "{7B0ADF17-CB4E-4021-8718-7D40BED04383}"
EndProject
Project("{2150E333-8FDC-42A3-9474-1A3956D46DE8}") = "Solution Items", "Solution Items", "{35B767B1-7E77-4813-9617-C5B8BBD710E4}"
	ProjectSection(SolutionItems) = preProject
		LICENSE.txt = LICENSE.txt
		README.md = README.md
	EndProjectSection
EndProject
Global
	GlobalSection(SolutionConfigurationPlatforms) = preSolution
		Debug|Any CPU = Debug|Any CPU
		Release|Any CPU = Release|Any CPU
	EndGlobalSection
	GlobalSection(ProjectConfigurationPlatforms) = postSolution
		{7B0ADF17-CB4E-4021-8718-7D40BED04383}.Debug|Any CPU.ActiveCfg = Debug|Any CPU
		{7B0ADF17-CB4E-4021-8718-7D40BED04383}.Debug|Any CPU.Build.0 = Debug|Any CPU
		{7B0ADF17-CB4E-4021-8718-7D40BED04383}.Release|Any CPU.ActiveCfg = Release|Any CPU
		{7B0ADF17-CB4E-4021-8718-7D40BED04383}.Release|Any CPU.Build.0 = Release|Any CPU
	EndGlobalSection
	GlobalSection(SolutionProperties) = preSolution
		HideSolutionNode = FALSE
	EndGlobalSection
	GlobalSection(ExtensibilityGlobals) = postSolution
		SolutionGuid = {5B9F9466-19F5-45A2-8E00-C16E8DF00E95}
	EndGlobalSection
EndGlobal
